
Microsoft Visual Studio Solution File, Format Version 12.00
# Visual Studio Version 17
VisualStudioVersion = 17.0.31903.59
MinimumVisualStudioVersion = 10.0.40219.1
Project("{2150E333-8FDC-42A3-9474-1A3956D46DE8}") = "src", "src", "{827E0CD3-B72D-47B6-A68D-7590B98EB39B}"
EndProject
Project("{FAE04EC0-301F-11D3-BF4B-00C04F79EFBC}") = "MultiAgent.Core", "src\MultiAgent.Core\MultiAgent.Core.csproj", "{4C7E1FDE-DA40-40AB-93DD-DB0D63A49602}"
EndProject
Project("{FAE04EC0-301F-11D3-BF4B-00C04F79EFBC}") = "MultiAgent.App", "src\MultiAgent.App\MultiAgent.App.csproj", "{88D1C5DA-3A0C-473F-A1F2-65CFB9370BD7}"
EndProject
Project("{2150E333-8FDC-42A3-9474-1A3956D46DE8}") = "tests", "tests", "{0AB3BF05-4346-4AA6-1389-037BE0695223}"
EndProject
Project("{FAE04EC0-301F-11D3-BF4B-00C04F79EFBC}") = "MultiAgent.Tests", "tests\MultiAgent.Tests\MultiAgent.Tests.csproj", "{0B0EE41E-1C76-42F3-A9B8-EE8AC8BE8006}"
EndProject
Global
	GlobalSection(SolutionConfigurationPlatforms) = preSolution
		Debug|Any CPU = Debug|Any CPU
		Debug|x64 = Debug|x64
		Debug|x86 = Debug|x86
		Release|Any CPU = Release|Any CPU
		Release|x64 = Release|x64
		Release|x86 = Release|x86
	EndGlobalSection
	GlobalSection(ProjectConfigurationPlatforms) = postSolution
		{4C7E1FDE-DA40-40AB-93DD-DB0D63A49602}.Debug|Any CPU.ActiveCfg = Debug|Any CPU
		{4C7E1FDE-DA40-40AB-93DD-DB0D63A49602}.Debug|Any CPU.Build.0 = Debug|Any CPU
		{4C7E1FDE-DA40-40AB-93DD-DB0D63A49602}.Debug|x64.ActiveCfg = Debug|Any CPU
		{4C7E1FDE-DA40-40AB-93DD-DB0D63A49602}.Debug|x64.Build.0 = Debug|Any CPU
		{4C7E1FDE-DA40-40AB-93DD-DB0D63A49602}.Debug|x86.ActiveCfg = Debug|Any CPU
		{4C7E1FDE-DA40-40AB-93DD-DB0D63A49602}.Debug|x86.Build.0 = Debug|Any CPU
		{4C7E1FDE-DA40-40AB-93DD-DB0D63A49602}.Release|Any CPU.ActiveCfg = Release|Any CPU
		{4C7E1FDE-DA40-40AB-93DD-DB0D63A49602}.Release|Any CPU.Build.0 = Release|Any CPU
		{4C7E1FDE-DA40-40AB-93DD-DB0D63A49602}.Release|x64.ActiveCfg = Release|Any CPU
		{4C7E1FDE-DA40-40AB-93DD-DB0D63A49602}.Release|x64.Build.0 = Release|Any CPU
		{4C7E1FDE-DA40-40AB-93DD-DB0D63A49602}.Release|x86.ActiveCfg = Release|Any CPU
		{4C7E1FDE-DA40-40AB-93DD-DB0D63A49602}.Release|x86.Build.0 = Release|Any CPU
		{88D1C5DA-3A0C-473F-A1F2-65CFB9370BD7}.Debug|Any CPU.ActiveCfg = Debug|Any CPU
		{88D1C5DA-3A0C-473F-A1F2-65CFB9370BD7}.Debug|Any CPU.Build.0 = Debug|Any CPU
		{88D1C5DA-3A0C-473F-A1F2-65CFB9370BD7}.Debug|x64.ActiveCfg = Debug|Any CPU
		{88D1C5DA-3A0C-473F-A1F2-65CFB9370BD7}.Debug|x64.Build.0 = Debug|Any CPU
		{88D1C5DA-3A0C-473F-A1F2-65CFB9370BD7}.Debug|x86.ActiveCfg = Debug|Any CPU
		{88D1C5DA-3A0C-473F-A1F2-65CFB9370BD7}.Debug|x86.Build.0 = Debug|Any CPU
		{88D1C5DA-3A0C-473F-A1F2-65CFB9370BD7}.Release|Any CPU.ActiveCfg = Release|Any CPU
		{88D1C5DA-3A0C-473F-A1F2-65CFB9370BD7}.Release|Any CPU.Build.0 = Release|Any CPU
		{88D1C5DA-3A0C-473F-A1F2-65CFB9370BD7}.Release|x64.ActiveCfg = Release|Any CPU
		{88D1C5DA-3A0C-473F-A1F2-65CFB9370BD7}.Release|x64.Build.0 = Release|Any CPU
		{88D1C5DA-3A0C-473F-A1F2-65CFB9370BD7}.Release|x86.ActiveCfg = Release|Any CPU
		{88D1C5DA-3A0C-473F-A1F2-65CFB9370BD7}.Release|x86.Build.0 = Release|Any CPU
		{0B0EE41E-1C76-42F3-A9B8-EE8AC8BE8006}.Debug|Any CPU.ActiveCfg = Debug|Any CPU
		{0B0EE41E-1C76-42F3-A9B8-EE8AC8BE8006}.Debug|Any CPU.Build.0 = Debug|Any CPU
		{0B0EE41E-1C76-42F3-A9B8-EE8AC8BE8006}.Debug|x64.ActiveCfg = Debug|Any CPU
		{0B0EE41E-1C76-42F3-A9B8-EE8AC8BE8006}.Debug|x64.Build.0 = Debug|Any CPU
		{0B0EE41E-1C76-42F3-A9B8-EE8AC8BE8006}.Debug|x86.ActiveCfg = Debug|Any CPU
		{0B0EE41E-1C76-42F3-A9B8-EE8AC8BE8006}.Debug|x86.Build.0 = Debug|Any CPU
		{0B0EE41E-1C76-42F3-A9B8-EE8AC8BE8006}.Release|Any CPU.ActiveCfg = Release|Any CPU
		{0B0EE41E-1C76-42F3-A9B8-EE8AC8BE8006}.Release|Any CPU.Build.0 = Release|Any CPU
		{0B0EE41E-1C76-42F3-A9B8-EE8AC8BE8006}.Release|x64.ActiveCfg = Release|Any CPU
		{0B0EE41E-1C76-42F3-A9B8-EE8AC8BE8006}.Release|x64.Build.0 = Release|Any CPU
		{0B0EE41E-1C76-42F3-A9B8-EE8AC8BE8006}.Release|x86.ActiveCfg = Release|Any CPU
		{0B0EE41E-1C76-42F3-A9B8-EE8AC8BE8006}.Release|x86.Build.0 = Release|Any CPU
	EndGlobalSection
	GlobalSection(SolutionProperties) = preSolution
		HideSolutionNode = FALSE
	EndGlobalSection
	GlobalSection(NestedProjects) = preSolution
		{4C7E1FDE-DA40-40AB-93DD-DB0D63A49602} = {827E0CD3-B72D-47B6-A68D-7590B98EB39B}
		{88D1C5DA-3A0C-473F-A1F2-65CFB9370BD7} = {827E0CD3-B72D-47B6-A68D-7590B98EB39B}
		{0B0EE41E-1C76-42F3-A9B8-EE8AC8BE8006} = {0AB3BF05-4346-4AA6-1389-037BE0695223}
	EndGlobalSection
EndGlobal
